
Microsoft Visual Studio Solution File, Format Version 12.00
# Visual Studio 15
VisualStudioVersion = 15.0.27703.2042
MinimumVisualStudioVersion = 10.0.40219.1
Project("{FAE04EC0-301F-11D3-BF4B-00C04F79EFBC}") = "HelloService", "HelloService\HelloService.csproj", "{24E0B5A7-F6A9-4018-AB0F-5BF5CC7CA4E2}"
EndProject
Project("{FAE04EC0-301F-11D3-BF4B-00C04F79EFBC}") = "HelloServiceHost", "HelloServiceHost\HelloServiceHost.csproj", "{935C439F-6248-45BF-9E1A-84599CA06519}"
EndProject
Project("{FAE04EC0-301F-11D3-BF4B-00C04F79EFBC}") = "MultipleContractService", "MultipleContractService\MultipleContractService.csproj", "{E231A3AA-499F-4F47-A8AE-731E75428F6B}"
EndProject
Project("{FAE04EC0-301F-11D3-BF4B-00C04F79EFBC}") = "MultipleContractServiceHost", "MultipleContractServiceHost\MultipleContractServiceHost.csproj", "{E6C7BD98-F59C-4A2D-9C7F-F4E73AA90A7A}"
EndProject
Global
	GlobalSection(SolutionConfigurationPlatforms) = preSolution
		Debug|Any CPU = Debug|Any CPU
		Release|Any CPU = Release|Any CPU
	EndGlobalSection
	GlobalSection(ProjectConfigurationPlatforms) = postSolution
		{24E0B5A7-F6A9-4018-AB0F-5BF5CC7CA4E2}.Debug|Any CPU.ActiveCfg = Debug|Any CPU
		{24E0B5A7-F6A9-4018-AB0F-5BF5CC7CA4E2}.Debug|Any CPU.Build.0 = Debug|Any CPU
		{24E0B5A7-F6A9-4018-AB0F-5BF5CC7CA4E2}.Release|Any CPU.ActiveCfg = Release|Any CPU
		{24E0B5A7-F6A9-4018-AB0F-5BF5CC7CA4E2}.Release|Any CPU.Build.0 = Release|Any CPU
		{935C439F-6248-45BF-9E1A-84599CA06519}.Debug|Any CPU.ActiveCfg = Debug|Any CPU
		{935C439F-6248-45BF-9E1A-84599CA06519}.Debug|Any CPU.Build.0 = Debug|Any CPU
		{935C439F-6248-45BF-9E1A-84599CA06519}.Release|Any CPU.ActiveCfg = Release|Any CPU
		{935C439F-6248-45BF-9E1A-84599CA06519}.Release|Any CPU.Build.0 = Release|Any CPU
		{E231A3AA-499F-4F47-A8AE-731E75428F6B}.Debug|Any CPU.ActiveCfg = Debug|Any CPU
		{E231A3AA-499F-4F47-A8AE-731E75428F6B}.Debug|Any CPU.Build.0 = Debug|Any CPU
		{E231A3AA-499F-4F47-A8AE-731E75428F6B}.Release|Any CPU.ActiveCfg = Release|Any CPU
		{E231A3AA-499F-4F47-A8AE-731E75428F6B}.Release|Any CPU.Build.0 = Release|Any CPU
		{E6C7BD98-F59C-4A2D-9C7F-F4E73AA90A7A}.Debug|Any CPU.ActiveCfg = Debug|Any CPU
		{E6C7BD98-F59C-4A2D-9C7F-F4E73AA90A7A}.Debug|Any CPU.Build.0 = Debug|Any CPU
		{E6C7BD98-F59C-4A2D-9C7F-F4E73AA90A7A}.Release|Any CPU.ActiveCfg = Release|Any CPU
		{E6C7BD98-F59C-4A2D-9C7F-F4E73AA90A7A}.Release|Any CPU.Build.0 = Release|Any CPU
	EndGlobalSection
	GlobalSection(SolutionProperties) = preSolution
		HideSolutionNode = FALSE
	EndGlobalSection
	GlobalSection(ExtensibilityGlobals) = postSolution
		SolutionGuid = {00EDBE19-AF30-4144-8ED2-A6DCA47F4CF9}
	EndGlobalSection
EndGlobal
